
Microsoft Visual Studio Solution File, Format Version 12.00
# Visual Studio Version 17
VisualStudioVersion = 17.1.32113.165
MinimumVisualStudioVersion = 10.0.40219.1
Project("{FAE04EC0-301F-11D3-BF4B-00C04F79EFBC}") = "Visual Studio Solution Secrets", "Visual Studio Solution Secrets\Visual Studio Solution Secrets.csproj", "{9197285C-A276-4F37-811C-443A8B4DA3FE}"
EndProject
Global
	GlobalSection(SolutionConfigurationPlatforms) = preSolution
		Debug|Any CPU = Debug|Any CPU
		Release|Any CPU = Release|Any CPU
	EndGlobalSection
	GlobalSection(ProjectConfigurationPlatforms) = postSolution
		{9197285C-A276-4F37-811C-443A8B4DA3FE}.Debug|Any CPU.ActiveCfg = Debug|Any CPU
		{9197285C-A276-4F37-811C-443A8B4DA3FE}.Debug|Any CPU.Build.0 = Debug|Any CPU
		{9197285C-A276-4F37-811C-443A8B4DA3FE}.Release|Any CPU.ActiveCfg = Release|Any CPU
		{9197285C-A276-4F37-811C-443A8B4DA3FE}.Release|Any CPU.Build.0 = Release|Any CPU
	EndGlobalSection
	GlobalSection(SolutionProperties) = preSolution
		HideSolutionNode = FALSE
	EndGlobalSection
	GlobalSection(ExtensibilityGlobals) = postSolution
		SolutionGuid = {22A816B7-4185-443A-89E8-8D515E4FA035}
	EndGlobalSection
EndGlobal
